
Microsoft Visual Studio Solution File, Format Version 12.00
# Visual Studio Version 16
VisualStudioVersion = 16.0.30711.63
MinimumVisualStudioVersion = 10.0.40219.1
Project("{FAE04EC0-301F-11D3-BF4B-00C04F79EFBC}") = "monthCalendarKontrola", "monthCalendarKontrola\monthCalendarKontrola.csproj", "{751816FF-D33B-4346-A81D-4D045AEBD997}"
EndProject
Global
	GlobalSection(SolutionConfigurationPlatforms) = preSolution
		Debug|Any CPU = Debug|Any CPU
		Release|Any CPU = Release|Any CPU
	EndGlobalSection
	GlobalSection(ProjectConfigurationPlatforms) = postSolution
		{751816FF-D33B-4346-A81D-4D045AEBD997}.Debug|Any CPU.ActiveCfg = Debug|Any CPU
		{751816FF-D33B-4346-A81D-4D045AEBD997}.Debug|Any CPU.Build.0 = Debug|Any CPU
		{751816FF-D33B-4346-A81D-4D045AEBD997}.Release|Any CPU.ActiveCfg = Release|Any CPU
		{751816FF-D33B-4346-A81D-4D045AEBD997}.Release|Any CPU.Build.0 = Release|Any CPU
	EndGlobalSection
	GlobalSection(SolutionProperties) = preSolution
		HideSolutionNode = FALSE
	EndGlobalSection
	GlobalSection(ExtensibilityGlobals) = postSolution
		SolutionGuid = {0FFFA341-9E06-4455-834A-AF8A0D93BFF5}
	EndGlobalSection
EndGlobal
